Microsoft Visual Studio Solution File, Format Version 12.00
# Visual Studio Version 17
VisualStudioVersion = 17.5.2.0
MinimumVisualStudioVersion = 10.0.40219.1
Project("{FAE04EC0-301F-11D3-BF4B-00C04F79EFBC}") = "coursework_kpi", "coursework_kpi.csproj", "{948CE50B-4AC3-B9D6-B0D1-6747E5639686}"
EndProject
Global
	GlobalSection(SolutionConfigurationPlatforms) = preSolution
		Debug|Any CPU = Debug|Any CPU
		Release|Any CPU = Release|Any CPU
	EndGlobalSection
	GlobalSection(ProjectConfigurationPlatforms) = postSolution
		{948CE50B-4AC3-B9D6-B0D1-6747E5639686}.Debug|Any CPU.ActiveCfg = Debug|Any CPU
		{948CE50B-4AC3-B9D6-B0D1-6747E5639686}.Debug|Any CPU.Build.0 = Debug|Any CPU
		{948CE50B-4AC3-B9D6-B0D1-6747E5639686}.Release|Any CPU.ActiveCfg = Release|Any CPU
		{948CE50B-4AC3-B9D6-B0D1-6747E5639686}.Release|Any CPU.Build.0 = Release|Any CPU
	EndGlobalSection
	GlobalSection(SolutionProperties) = preSolution
		HideSolutionNode = FALSE
	EndGlobalSection
	GlobalSection(ExtensibilityGlobals) = postSolution
		SolutionGuid = {D0DE8839-3918-4544-845D-BE3599BAE816}
	EndGlobalSection
EndGlobal
